// !$*UTF8*$!
{
	archiveVersion = 1;
	classes = {
	};
	objectVersion = 56;
	objects = {

/* Begin PBXBuildFile section */
		BA0E9C972A97E3800057329F /* APIRequest.swift in Sources */ = {isa = PBXBuildFile; fileRef = BA0E9C962A97E3800057329F /* APIRequest.swift */; };
		BA0E9C9F2A97F3230057329F /* APIPersonnel.swift in Sources */ = {isa = PBXBuildFile; fileRef = BA0E9C9E2A97F3230057329F /* APIPersonnel.swift */; };
		BA0E9CA12A97F6B50057329F /* APIEquipment.swift in Sources */ = {isa = PBXBuildFile; fileRef = BA0E9CA02A97F6B50057329F /* APIEquipment.swift */; };
		BA0E9CA32A980ABF0057329F /* MainInteractor.swift in Sources */ = {isa = PBXBuildFile; fileRef = BA0E9CA22A980ABF0057329F /* MainInteractor.swift */; };
		BA0E9CA52A980BD50057329F /* MainPresenter.swift in Sources */ = {isa = PBXBuildFile; fileRef = BA0E9CA42A980BD50057329F /* MainPresenter.swift */; };
		BA0E9CA72A980F080057329F /* MainView+MainDisplayLogic.swift in Sources */ = {isa = PBXBuildFile; fileRef = BA0E9CA62A980F080057329F /* MainView+MainDisplayLogic.swift */; };
		BA0E9CAB2A9810F30057329F /* MainViewModel.swift in Sources */ = {isa = PBXBuildFile; fileRef = BA0E9CAA2A9810F30057329F /* MainViewModel.swift */; };
		BA0E9CAF2A9B69BD0057329F /* DatePickerWrapper.swift in Sources */ = {isa = PBXBuildFile; fileRef = BA0E9CAE2A9B69BD0057329F /* DatePickerWrapper.swift */; };
		BA0E9CB32A9B82940057329F /* CellView.swift in Sources */ = {isa = PBXBuildFile; fileRef = BA0E9CB22A9B82940057329F /* CellView.swift */; };
		BA0E9CB52A9B85C40057329F /* MainModel.swift in Sources */ = {isa = PBXBuildFile; fileRef = BA0E9CB42A9B85C40057329F /* MainModel.swift */; };
		BA0E9CBD2A9BA1F00057329F /* DetailView.swift in Sources */ = {isa = PBXBuildFile; fileRef = BA0E9CBC2A9BA1F00057329F /* DetailView.swift */; };
		BA0E9CC62A9BA3750057329F /* DataRepository.swift in Sources */ = {isa = PBXBuildFile; fileRef = BA0E9CC52A9BA3750057329F /* DataRepository.swift */; };
		BA0E9CC92A9BA5860057329F /* APIEquipmentModel.swift in Sources */ = {isa = PBXBuildFile; fileRef = BA0E9CC82A9BA5860057329F /* APIEquipmentModel.swift */; };
		BA0E9CCB2A9BF9650057329F /* DetailInteractor.swift in Sources */ = {isa = PBXBuildFile; fileRef = BA0E9CCA2A9BF9650057329F /* DetailInteractor.swift */; };
		BA0E9CCD2A9BF9730057329F /* DetailPresenter.swift in Sources */ = {isa = PBXBuildFile; fileRef = BA0E9CCC2A9BF9730057329F /* DetailPresenter.swift */; };
		BA0E9CCF2A9BFD410057329F /* Background.swift in Sources */ = {isa = PBXBuildFile; fileRef = BA0E9CCE2A9BFD410057329F /* Background.swift */; };
		BA0E9CD12A9BFF5A0057329F /* EquipmentLosses.swift in Sources */ = {isa = PBXBuildFile; fileRef = BA0E9CD02A9BFF5A0057329F /* EquipmentLosses.swift */; };
		BA0E9CD32A9C01510057329F /* DetailViewModel.swift in Sources */ = {isa = PBXBuildFile; fileRef = BA0E9CD22A9C01510057329F /* DetailViewModel.swift */; };
		BA0E9CD52A9C031D0057329F /* DetailView+DetailDisplayLogic.swift in Sources */ = {isa = PBXBuildFile; fileRef = BA0E9CD42A9C031D0057329F /* DetailView+DetailDisplayLogic.swift */; };
		BA9EB2122A9C173400149C46 /* EquipmentModel.swift in Sources */ = {isa = PBXBuildFile; fileRef = BA9EB2112A9C173400149C46 /* EquipmentModel.swift */; };
		BAAF3D592A9541750099AEA9 /* AppDelegate.swift in Sources */ = {isa = PBXBuildFile; fileRef = BAAF3D582A9541750099AEA9 /* AppDelegate.swift */; };
		BAAF3D5B2A9541750099AEA9 /* SceneDelegate.swift in Sources */ = {isa = PBXBuildFile; fileRef = BAAF3D5A2A9541750099AEA9 /* SceneDelegate.swift */; };
		BAAF3D622A9541760099AEA9 /* Assets.xcassets in Resources */ = {isa = PBXBuildFile; fileRef = BAAF3D612A9541760099AEA9 /* Assets.xcassets */; };
		BAAF3D652A9541760099AEA9 /* LaunchScreen.storyboard in Resources */ = {isa = PBXBuildFile; fileRef = BAAF3D632A9541760099AEA9 /* LaunchScreen.storyboard */; };
		BAAF3D732A9544020099AEA9 /* APIService.swift in Sources */ = {isa = PBXBuildFile; fileRef = BAAF3D722A9544020099AEA9 /* APIService.swift */; };
		BAAF3D7B2A9546EF0099AEA9 /* MainView.swift in Sources */ = {isa = PBXBuildFile; fileRef = BAAF3D7A2A9546EF0099AEA9 /* MainView.swift */; };
		BAAF3D7F2A954FD60099AEA9 /* View+cornerRadius.swift in Sources */ = {isa = PBXBuildFile; fileRef = BAAF3D7E2A954FD60099AEA9 /* View+cornerRadius.swift */; };
		BAAF3D822A9550100099AEA9 /* RoundedCorner.swift in Sources */ = {isa = PBXBuildFile; fileRef = BAAF3D812A9550100099AEA9 /* RoundedCorner.swift */; };
/* End PBXBuildFile section */

/* Begin PBXFileReference section */
		BA0E9C962A97E3800057329F /* APIRequest.swift */ = {isa = PBXFileReference; lastKnownFileType = sourcecode.swift; path = APIRequest.swift; sourceTree = "<group>"; };
		BA0E9C9E2A97F3230057329F /* APIPersonnel.swift */ = {isa = PBXFileReference; lastKnownFileType = sourcecode.swift; path = APIPersonnel.swift; sourceTree = "<group>"; };
		BA0E9CA02A97F6B50057329F /* APIEquipment.swift */ = {isa = PBXFileReference; lastKnownFileType = sourcecode.swift; path = APIEquipment.swift; sourceTree = "<group>"; };
		BA0E9CA22A980ABF0057329F /* MainInteractor.swift */ = {isa = PBXFileReference; lastKnownFileType = sourcecode.swift; path = MainInteractor.swift; sourceTree = "<group>"; };
		BA0E9CA42A980BD50057329F /* MainPresenter.swift */ = {isa = PBXFileReference; lastKnownFileType = sourcecode.swift; path = MainPresenter.swift; sourceTree = "<group>"; };
		BA0E9CA62A980F080057329F /* MainView+MainDisplayLogic.swift */ = {isa = PBXFileReference; lastKnownFileType = sourcecode.swift; path = "MainView+MainDisplayLogic.swift"; sourceTree = "<group>"; };
		BA0E9CAA2A9810F30057329F /* MainViewModel.swift */ = {isa = PBXFileReference; lastKnownFileType = sourcecode.swift; path = MainViewModel.swift; sourceTree = "<group>"; };
		BA0E9CAE2A9B69BD0057329F /* DatePickerWrapper.swift */ = {isa = PBXFileReference; lastKnownFileType = sourcecode.swift; path = DatePickerWrapper.swift; sourceTree = "<group>"; };
		BA0E9CB22A9B82940057329F /* CellView.swift */ = {isa = PBXFileReference; lastKnownFileType = sourcecode.swift; path = CellView.swift; sourceTree = "<group>"; };
		BA0E9CB42A9B85C40057329F /* MainModel.swift */ = {isa = PBXFileReference; lastKnownFileType = sourcecode.swift; path = MainModel.swift; sourceTree = "<group>"; };
		BA0E9CBC2A9BA1F00057329F /* DetailView.swift */ = {isa = PBXFileReference; lastKnownFileType = sourcecode.swift; path = DetailView.swift; sourceTree = "<group>"; };
		BA0E9CC52A9BA3750057329F /* DataRepository.swift */ = {isa = PBXFileReference; lastKnownFileType = sourcecode.swift; path = DataRepository.swift; sourceTree = "<group>"; };
		BA0E9CC82A9BA5860057329F /* APIEquipmentModel.swift */ = {isa = PBXFileReference; lastKnownFileType = sourcecode.swift; path = APIEquipmentModel.swift; sourceTree = "<group>"; };
		BA0E9CCA2A9BF9650057329F /* DetailInteractor.swift */ = {isa = PBXFileReference; lastKnownFileType = sourcecode.swift; path = DetailInteractor.swift; sourceTree = "<group>"; };
		BA0E9CCC2A9BF9730057329F /* DetailPresenter.swift */ = {isa = PBXFileReference; lastKnownFileType = sourcecode.swift; path = DetailPresenter.swift; sourceTree = "<group>"; };
		BA0E9CCE2A9BFD410057329F /* Background.swift */ = {isa = PBXFileReference; lastKnownFileType = sourcecode.swift; path = Background.swift; sourceTree = "<group>"; };
		BA0E9CD02A9BFF5A0057329F /* EquipmentLosses.swift */ = {isa = PBXFileReference; lastKnownFileType = sourcecode.swift; path = EquipmentLosses.swift; sourceTree = "<group>"; };
		BA0E9CD22A9C01510057329F /* DetailViewModel.swift */ = {isa = PBXFileReference; lastKnownFileType = sourcecode.swift; path = DetailViewModel.swift; sourceTree = "<group>"; };
		BA0E9CD42A9C031D0057329F /* DetailView+DetailDisplayLogic.swift */ = {isa = PBXFileReference; lastKnownFileType = sourcecode.swift; path = "DetailView+DetailDisplayLogic.swift"; sourceTree = "<group>"; };
		BA9EB2112A9C173400149C46 /* EquipmentModel.swift */ = {isa = PBXFileReference; lastKnownFileType = sourcecode.swift; path = EquipmentModel.swift; sourceTree = "<group>"; };
		BAAF3D552A9541750099AEA9 /* Defeatly.app */ = {isa = PBXFileReference; explicitFileType = wrapper.application; includeInIndex = 0; path = Defeatly.app; sourceTree = BUILT_PRODUCTS_DIR; };
		BAAF3D582A9541750099AEA9 /* AppDelegate.swift */ = {isa = PBXFileReference; lastKnownFileType = sourcecode.swift; path = AppDelegate.swift; sourceTree = "<group>"; };
		BAAF3D5A2A9541750099AEA9 /* SceneDelegate.swift */ = {isa = PBXFileReference; lastKnownFileType = sourcecode.swift; path = SceneDelegate.swift; sourceTree = "<group>"; };
		BAAF3D612A9541760099AEA9 /* Assets.xcassets */ = {isa = PBXFileReference; lastKnownFileType = folder.assetcatalog; path = Assets.xcassets; sourceTree = "<group>"; };
		BAAF3D642A9541760099AEA9 /* Base */ = {isa = PBXFileReference; lastKnownFileType = file.storyboard; name = Base; path = Base.lproj/LaunchScreen.storyboard; sourceTree = "<group>"; };
		BAAF3D662A9541760099AEA9 /* Info.plist */ = {isa = PBXFileReference; lastKnownFileType = text.plist.xml; path = Info.plist; sourceTree = "<group>"; };
		BAAF3D722A9544020099AEA9 /* APIService.swift */ = {isa = PBXFileReference; lastKnownFileType = sourcecode.swift; path = APIService.swift; sourceTree = "<group>"; };
		BAAF3D7A2A9546EF0099AEA9 /* MainView.swift */ = {isa = PBXFileReference; lastKnownFileType = sourcecode.swift; path = MainView.swift; sourceTree = "<group>"; };
		BAAF3D7E2A954FD60099AEA9 /* View+cornerRadius.swift */ = {isa = PBXFileReference; lastKnownFileType = sourcecode.swift; path = "View+cornerRadius.swift"; sourceTree = "<group>"; };
		BAAF3D812A9550100099AEA9 /* RoundedCorner.swift */ = {isa = PBXFileReference; lastKnownFileType = sourcecode.swift; path = RoundedCorner.swift; sourceTree = "<group>"; };
/* End PBXFileReference section */

/* Begin PBXFrameworksBuildPhase section */
		BAAF3D522A9541750099AEA9 /* Frameworks */ = {
			isa = PBXFrameworksBuildPhase;
			buildActionMask = 2147483647;
			files = (
			);
			runOnlyForDeploymentPostprocessing = 0;
		};
/* End PBXFrameworksBuildPhase section */

/* Begin PBXGroup section */
		BA0E9C9A2A97EDDB0057329F /* Models */ = {
			isa = PBXGroup;
			children = (
				BA0E9CB42A9B85C40057329F /* MainModel.swift */,
			);
			path = Models;
			sourceTree = "<group>";
		};
		BA0E9CA92A9810E50057329F /* ViewModels */ = {
			isa = PBXGroup;
			children = (
				BA0E9CAA2A9810F30057329F /* MainViewModel.swift */,
			);
			path = ViewModels;
			sourceTree = "<group>";
		};
		BA0E9CAC2A9813F40057329F /* APIService */ = {
			isa = PBXGroup;
			children = (
				BA0E9CC72A9BA53F0057329F /* Models */,
				BA0E9C962A97E3800057329F /* APIRequest.swift */,
				BAAF3D722A9544020099AEA9 /* APIService.swift */,
			);
			path = APIService;
			sourceTree = "<group>";
		};
		BA0E9CAD2A9B69B00057329F /* DatePicker */ = {
			isa = PBXGroup;
			children = (
				BA0E9CAE2A9B69BD0057329F /* DatePickerWrapper.swift */,
			);
			path = DatePicker;
			sourceTree = "<group>";
		};
		BA0E9CB62A9BA19A0057329F /* Detail */ = {
			isa = PBXGroup;
			children = (
				BA0E9CB72A9BA1B90057329F /* ViewModels */,
				BA0E9CBA2A9BA1D60057329F /* Presenters */,
				BA0E9CB92A9BA1CB0057329F /* Interactors */,
				BA0E9CB82A9BA1C20057329F /* Models */,
				BA0E9CBB2A9BA1DC0057329F /* Views */,
			);
			path = Detail;
			sourceTree = "<group>";
		};
		BA0E9CB72A9BA1B90057329F /* ViewModels */ = {
			isa = PBXGroup;
			children = (
				BA0E9CD22A9C01510057329F /* DetailViewModel.swift */,
			);
			path = ViewModels;
			sourceTree = "<group>";
		};
		BA0E9CB82A9BA1C20057329F /* Models */ = {
			isa = PBXGroup;
			children = (
				BA0E9CD02A9BFF5A0057329F /* EquipmentLosses.swift */,
				BA9EB2112A9C173400149C46 /* EquipmentModel.swift */,
			);
			path = Models;
			sourceTree = "<group>";
		};
		BA0E9CB92A9BA1CB0057329F /* Interactors */ = {
			isa = PBXGroup;
			children = (
				BA0E9CCA2A9BF9650057329F /* DetailInteractor.swift */,
			);
			path = Interactors;
			sourceTree = "<group>";
		};
		BA0E9CBA2A9BA1D60057329F /* Presenters */ = {
			isa = PBXGroup;
			children = (
				BA0E9CCC2A9BF9730057329F /* DetailPresenter.swift */,
			);
			path = Presenters;
			sourceTree = "<group>";
		};
		BA0E9CBB2A9BA1DC0057329F /* Views */ = {
			isa = PBXGroup;
			children = (
				BA0E9CBC2A9BA1F00057329F /* DetailView.swift */,
				BA0E9CD42A9C031D0057329F /* DetailView+DetailDisplayLogic.swift */,
			);
			path = Views;
			sourceTree = "<group>";
		};
		BA0E9CBE2A9BA2900057329F /* Repositories */ = {
			isa = PBXGroup;
			children = (
				BA0E9CC52A9BA3750057329F /* DataRepository.swift */,
			);
			path = Repositories;
			sourceTree = "<group>";
		};
		BA0E9CC72A9BA53F0057329F /* Models */ = {
			isa = PBXGroup;
			children = (
				BA0E9C9E2A97F3230057329F /* APIPersonnel.swift */,
				BA0E9CA02A97F6B50057329F /* APIEquipment.swift */,
				BA0E9CC82A9BA5860057329F /* APIEquipmentModel.swift */,
			);
			path = Models;
			sourceTree = "<group>";
		};
		BAAF3D4C2A9541750099AEA9 = {
			isa = PBXGroup;
			children = (
				BAAF3D572A9541750099AEA9 /* Defeatly */,
				BAAF3D562A9541750099AEA9 /* Products */,
			);
			sourceTree = "<group>";
		};
		BAAF3D562A9541750099AEA9 /* Products */ = {
			isa = PBXGroup;
			children = (
				BAAF3D552A9541750099AEA9 /* Defeatly.app */,
			);
			name = Products;
			sourceTree = "<group>";
		};
		BAAF3D572A9541750099AEA9 /* Defeatly */ = {
			isa = PBXGroup;
			children = (
				BA0E9CBE2A9BA2900057329F /* Repositories */,
				BAAF3D7C2A954FC20099AEA9 /* Сommon */,
				BAAF3D712A9542570099AEA9 /* Services */,
				BAAF3D702A9542470099AEA9 /* Screens */,
				BAAF3D6F2A9541D00099AEA9 /* Resources */,
				BAAF3D6D2A9541850099AEA9 /* App */,
			);
			path = Defeatly;
			sourceTree = "<group>";
		};
		BAAF3D6D2A9541850099AEA9 /* App */ = {
			isa = PBXGroup;
			children = (
				BAAF3D6E2A9541C10099AEA9 /* Configs */,
				BAAF3D632A9541760099AEA9 /* LaunchScreen.storyboard */,
				BAAF3D5A2A9541750099AEA9 /* SceneDelegate.swift */,
				BAAF3D582A9541750099AEA9 /* AppDelegate.swift */,
			);
			path = App;
			sourceTree = "<group>";
		};
		BAAF3D6E2A9541C10099AEA9 /* Configs */ = {
			isa = PBXGroup;
			children = (
				BAAF3D662A9541760099AEA9 /* Info.plist */,
			);
			path = Configs;
			sourceTree = "<group>";
		};
		BAAF3D6F2A9541D00099AEA9 /* Resources */ = {
			isa = PBXGroup;
			children = (
				BAAF3D612A9541760099AEA9 /* Assets.xcassets */,
			);
			path = Resources;
			sourceTree = "<group>";
		};
		BAAF3D702A9542470099AEA9 /* Screens */ = {
			isa = PBXGroup;
			children = (
				BA0E9CB62A9BA19A0057329F /* Detail */,
				BAAF3D752A9546B90099AEA9 /* Main */,
			);
			path = Screens;
			sourceTree = "<group>";
		};
		BAAF3D712A9542570099AEA9 /* Services */ = {
			isa = PBXGroup;
			children = (
				BA0E9CAC2A9813F40057329F /* APIService */,
			);
			path = Services;
			sourceTree = "<group>";
		};
		BAAF3D752A9546B90099AEA9 /* Main */ = {
			isa = PBXGroup;
			children = (
				BA0E9CA92A9810E50057329F /* ViewModels */,
				BA0E9C9A2A97EDDB0057329F /* Models */,
				BAAF3D782A9546D40099AEA9 /* Interactors */,
				BAAF3D772A9546CC0099AEA9 /* Presenters */,
				BAAF3D762A9546C50099AEA9 /* Views */,
			);
			path = Main;
			sourceTree = "<group>";
		};
		BAAF3D762A9546C50099AEA9 /* Views */ = {
			isa = PBXGroup;
			children = (
				BAAF3D7A2A9546EF0099AEA9 /* MainView.swift */,
				BA0E9CA62A980F080057329F /* MainView+MainDisplayLogic.swift */,
			);
			path = Views;
			sourceTree = "<group>";
		};
		BAAF3D772A9546CC0099AEA9 /* Presenters */ = {
			isa = PBXGroup;
			children = (
				BA0E9CA42A980BD50057329F /* MainPresenter.swift */,
			);
			path = Presenters;
			sourceTree = "<group>";
		};
		BAAF3D782A9546D40099AEA9 /* Interactors */ = {
			isa = PBXGroup;
			children = (
				BA0E9CA22A980ABF0057329F /* MainInteractor.swift */,
			);
			path = Interactors;
			sourceTree = "<group>";
		};
		BAAF3D7C2A954FC20099AEA9 /* Сommon */ = {
			isa = PBXGroup;
			children = (
				BAAF3D802A9550010099AEA9 /* Views */,
				BAAF3D7D2A954FC70099AEA9 /* Extensions */,
			);
			path = "Сommon";
			sourceTree = "<group>";
		};
		BAAF3D7D2A954FC70099AEA9 /* Extensions */ = {
			isa = PBXGroup;
			children = (
				BAAF3D7E2A954FD60099AEA9 /* View+cornerRadius.swift */,
			);
			path = Extensions;
			sourceTree = "<group>";
		};
		BAAF3D802A9550010099AEA9 /* Views */ = {
			isa = PBXGroup;
			children = (
				BA0E9CAD2A9B69B00057329F /* DatePicker */,
				BAAF3D812A9550100099AEA9 /* RoundedCorner.swift */,
				BA0E9CCE2A9BFD410057329F /* Background.swift */,
				BA0E9CB22A9B82940057329F /* CellView.swift */,
			);
			path = Views;
			sourceTree = "<group>";
		};
/* End PBXGroup section */

/* Begin PBXNativeTarget section */
		BAAF3D542A9541750099AEA9 /* Defeatly */ = {
			isa = PBXNativeTarget;
			buildConfigurationList = BAAF3D692A9541760099AEA9 /* Build configuration list for PBXNativeTarget "Defeatly" */;
			buildPhases = (
				BAAF3D512A9541750099AEA9 /* Sources */,
				BAAF3D522A9541750099AEA9 /* Frameworks */,
				BAAF3D532A9541750099AEA9 /* Resources */,
			);
			buildRules = (
			);
			dependencies = (
			);
			name = Defeatly;
			productName = Defeatly;
			productReference = BAAF3D552A9541750099AEA9 /* Defeatly.app */;
			productType = "com.apple.product-type.application";
		};
/* End PBXNativeTarget section */

/* Begin PBXProject section */
		BAAF3D4D2A9541750099AEA9 /* Project object */ = {
			isa = PBXProject;
			attributes = {
				BuildIndependentTargetsInParallel = 1;
				LastSwiftUpdateCheck = 1430;
				LastUpgradeCheck = 1430;
				TargetAttributes = {
					BAAF3D542A9541750099AEA9 = {
						CreatedOnToolsVersion = 14.3;
					};
				};
			};
			buildConfigurationList = BAAF3D502A9541750099AEA9 /* Build configuration list for PBXProject "Defeatly" */;
			compatibilityVersion = "Xcode 14.0";
			developmentRegion = en;
			hasScannedForEncodings = 0;
			knownRegions = (
				en,
				Base,
			);
			mainGroup = BAAF3D4C2A9541750099AEA9;
			productRefGroup = BAAF3D562A9541750099AEA9 /* Products */;
			projectDirPath = "";
			projectRoot = "";
			targets = (
				BAAF3D542A9541750099AEA9 /* Defeatly */,
			);
		};
/* End PBXProject section */

/* Begin PBXResourcesBuildPhase section */
		BAAF3D532A9541750099AEA9 /* Resources */ = {
			isa = PBXResourcesBuildPhase;
			buildActionMask = 2147483647;
			files = (
				BAAF3D652A9541760099AEA9 /* LaunchScreen.storyboard in Resources */,
				BAAF3D622A9541760099AEA9 /* Assets.xcassets in Resources */,
			);
			runOnlyForDeploymentPostprocessing = 0;
		};
/* End PBXResourcesBuildPhase section */

/* Begin PBXSourcesBuildPhase section */
		BAAF3D512A9541750099AEA9 /* Sources */ = {
			isa = PBXSourcesBuildPhase;
			buildActionMask = 2147483647;
			files = (
				BA0E9CB52A9B85C40057329F /* MainModel.swift in Sources */,
				BAAF3D592A9541750099AEA9 /* AppDelegate.swift in Sources */,
				BA9EB2122A9C173400149C46 /* EquipmentModel.swift in Sources */,
				BA0E9CD12A9BFF5A0057329F /* EquipmentLosses.swift in Sources */,
				BA0E9CBD2A9BA1F00057329F /* DetailView.swift in Sources */,
				BA0E9C972A97E3800057329F /* APIRequest.swift in Sources */,
				BAAF3D7F2A954FD60099AEA9 /* View+cornerRadius.swift in Sources */,
				BA0E9CD52A9C031D0057329F /* DetailView+DetailDisplayLogic.swift in Sources */,
				BA0E9CCD2A9BF9730057329F /* DetailPresenter.swift in Sources */,
				BA0E9CD32A9C01510057329F /* DetailViewModel.swift in Sources */,
				BA0E9CAF2A9B69BD0057329F /* DatePickerWrapper.swift in Sources */,
				BA0E9CA32A980ABF0057329F /* MainInteractor.swift in Sources */,
				BA0E9C9F2A97F3230057329F /* APIPersonnel.swift in Sources */,
				BA0E9CAB2A9810F30057329F /* MainViewModel.swift in Sources */,
				BA0E9CA12A97F6B50057329F /* APIEquipment.swift in Sources */,
				BA0E9CCF2A9BFD410057329F /* Background.swift in Sources */,
				BA0E9CA72A980F080057329F /* MainView+MainDisplayLogic.swift in Sources */,
				BA0E9CCB2A9BF9650057329F /* DetailInteractor.swift in Sources */,
				BAAF3D7B2A9546EF0099AEA9 /* MainView.swift in Sources */,
				BAAF3D732A9544020099AEA9 /* APIService.swift in Sources */,
				BA0E9CB32A9B82940057329F /* CellView.swift in Sources */,
				BA0E9CA52A980BD50057329F /* MainPresenter.swift in Sources */,
				BA0E9CC62A9BA3750057329F /* DataRepository.swift in Sources */,
				BAAF3D822A9550100099AEA9 /* RoundedCorner.swift in Sources */,
				BA0E9CC92A9BA5860057329F /* APIEquipmentModel.swift in Sources */,
				BAAF3D5B2A9541750099AEA9 /* SceneDelegate.swift in Sources */,
			);
			runOnlyForDeploymentPostprocessing = 0;
		};
/* End PBXSourcesBuildPhase section */

/* Begin PBXVariantGroup section */
		BAAF3D632A9541760099AEA9 /* LaunchScreen.storyboard */ = {
			isa = PBXVariantGroup;
			children = (
				BAAF3D642A9541760099AEA9 /* Base */,
			);
			name = LaunchScreen.storyboard;
			sourceTree = "<group>";
		};
/* End PBXVariantGroup section */

/* Begin XCBuildConfiguration section */
		BAAF3D672A9541760099AEA9 /* Debug */ = {
			isa = XCBuildConfiguration;
			buildSettings = {
				ALWAYS_SEARCH_USER_PATHS = NO;
				CLANG_ANALYZER_NONNULL = YES;
				CLANG_ANALYZER_NUMBER_OBJECT_CONVERSION = YES_AGGRESSIVE;
				CLANG_CXX_LANGUAGE_STANDARD = "gnu++20";
				CLANG_ENABLE_MODULES = YES;
				CLANG_ENABLE_OBJC_ARC = YES;
				CLANG_ENABLE_OBJC_WEAK = YES;
				CLANG_WARN_BLOCK_CAPTURE_AUTORELEASING = YES;
				CLANG_WARN_BOOL_CONVERSION = YES;
				CLANG_WARN_COMMA = YES;
				CLANG_WARN_CONSTANT_CONVERSION = YES;
				CLANG_WARN_DEPRECATED_OBJC_IMPLEMENTATIONS = YES;
				CLANG_WARN_DIRECT_OBJC_ISA_USAGE = YES_ERROR;
				CLANG_WARN_DOCUMENTATION_COMMENTS = YES;
				CLANG_WARN_EMPTY_BODY = YES;
				CLANG_WARN_ENUM_CONVERSION = YES;
				CLANG_WARN_INFINITE_RECURSION = YES;
				CLANG_WARN_INT_CONVERSION = YES;
				CLANG_WARN_NON_LITERAL_NULL_CONVERSION = YES;
				CLANG_WARN_OBJC_IMPLICIT_RETAIN_SELF = YES;
				CLANG_WARN_OBJC_LITERAL_CONVERSION = YES;
				CLANG_WARN_OBJC_ROOT_CLASS = YES_ERROR;
				CLANG_WARN_QUOTED_INCLUDE_IN_FRAMEWORK_HEADER = YES;
				CLANG_WARN_RANGE_LOOP_ANALYSIS = YES;
				CLANG_WARN_STRICT_PROTOTYPES = YES;
				CLANG_WARN_SUSPICIOUS_MOVE = YES;
				CLANG_WARN_UNGUARDED_AVAILABILITY = YES_AGGRESSIVE;
				CLANG_WARN_UNREACHABLE_CODE = YES;
				CLANG_WARN__DUPLICATE_METHOD_MATCH = YES;
				COPY_PHASE_STRIP = NO;
				DEBUG_INFORMATION_FORMAT = dwarf;
				ENABLE_STRICT_OBJC_MSGSEND = YES;
				ENABLE_TESTABILITY = YES;
				GCC_C_LANGUAGE_STANDARD = gnu11;
				GCC_DYNAMIC_NO_PIC = NO;
				GCC_NO_COMMON_BLOCKS = YES;
				GCC_OPTIMIZATION_LEVEL = 0;
				GCC_PREPROCESSOR_DEFINITIONS = (
					"DEBUG=1",
					"$(inherited)",
				);
				GCC_WARN_64_TO_32_BIT_CONVERSION = YES;
				GCC_WARN_ABOUT_RETURN_TYPE = YES_ERROR;
				GCC_WARN_UNDECLARED_SELECTOR = YES;
				GCC_WARN_UNINITIALIZED_AUTOS = YES_AGGRESSIVE;
				GCC_WARN_UNUSED_FUNCTION = YES;
				GCC_WARN_UNUSED_VARIABLE = YES;
				IPHONEOS_DEPLOYMENT_TARGET = 16.4;
				MTL_ENABLE_DEBUG_INFO = INCLUDE_SOURCE;
				MTL_FAST_MATH = YES;
				ONLY_ACTIVE_ARCH = YES;
				SDKROOT = iphoneos;
				SWIFT_ACTIVE_COMPILATION_CONDITIONS = DEBUG;
				SWIFT_OPTIMIZATION_LEVEL = "-Onone";
			};
			name = Debug;
		};
		BAAF3D682A9541760099AEA9 /* Release */ = {
			isa = XCBuildConfiguration;
			buildSettings = {
				ALWAYS_SEARCH_USER_PATHS = NO;
				CLANG_ANALYZER_NONNULL = YES;
				CLANG_ANALYZER_NUMBER_OBJECT_CONVERSION = YES_AGGRESSIVE;
				CLANG_CXX_LANGUAGE_STANDARD = "gnu++20";
				CLANG_ENABLE_MODULES = YES;
				CLANG_ENABLE_OBJC_ARC = YES;
				CLANG_ENABLE_OBJC_WEAK = YES;
				CLANG_WARN_BLOCK_CAPTURE_AUTORELEASING = YES;
				CLANG_WARN_BOOL_CONVERSION = YES;
				CLANG_WARN_COMMA = YES;
				CLANG_WARN_CONSTANT_CONVERSION = YES;
				CLANG_WARN_DEPRECATED_OBJC_IMPLEMENTATIONS = YES;
				CLANG_WARN_DIRECT_OBJC_ISA_USAGE = YES_ERROR;
				CLANG_WARN_DOCUMENTATION_COMMENTS = YES;
				CLANG_WARN_EMPTY_BODY = YES;
				CLANG_WARN_ENUM_CONVERSION = YES;
				CLANG_WARN_INFINITE_RECURSION = YES;
				CLANG_WARN_INT_CONVERSION = YES;
				CLANG_WARN_NON_LITERAL_NULL_CONVERSION = YES;
				CLANG_WARN_OBJC_IMPLICIT_RETAIN_SELF = YES;
				CLANG_WARN_OBJC_LITERAL_CONVERSION = YES;
				CLANG_WARN_OBJC_ROOT_CLASS = YES_ERROR;
				CLANG_WARN_QUOTED_INCLUDE_IN_FRAMEWORK_HEADER = YES;
				CLANG_WARN_RANGE_LOOP_ANALYSIS = YES;
				CLANG_WARN_STRICT_PROTOTYPES = YES;
				CLANG_WARN_SUSPICIOUS_MOVE = YES;
				CLANG_WARN_UNGUARDED_AVAILABILITY = YES_AGGRESSIVE;
				CLANG_WARN_UNREACHABLE_CODE = YES;
				CLANG_WARN__DUPLICATE_METHOD_MATCH = YES;
				COPY_PHASE_STRIP = NO;
				DEBUG_INFORMATION_FORMAT = "dwarf-with-dsym";
				ENABLE_NS_ASSERTIONS = NO;
				ENABLE_STRICT_OBJC_MSGSEND = YES;
				GCC_C_LANGUAGE_STANDARD = gnu11;
				GCC_NO_COMMON_BLOCKS = YES;
				GCC_WARN_64_TO_32_BIT_CONVERSION = YES;
				GCC_WARN_ABOUT_RETURN_TYPE = YES_ERROR;
				GCC_WARN_UNDECLARED_SELECTOR = YES;
				GCC_WARN_UNINITIALIZED_AUTOS = YES_AGGRESSIVE;
				GCC_WARN_UNUSED_FUNCTION = YES;
				GCC_WARN_UNUSED_VARIABLE = YES;
				IPHONEOS_DEPLOYMENT_TARGET = 16.4;
				MTL_ENABLE_DEBUG_INFO = NO;
				MTL_FAST_MATH = YES;
				SDKROOT = iphoneos;
				SWIFT_COMPILATION_MODE = wholemodule;
				SWIFT_OPTIMIZATION_LEVEL = "-O";
				VALIDATE_PRODUCT = YES;
			};
			name = Release;
		};
		BAAF3D6A2A9541760099AEA9 /* Debug */ = {
			isa = XCBuildConfiguration;
			buildSettings = {
				ASSETCATALOG_COMPILER_APPICON_NAME = AppIcon;
				ASSETCATALOG_COMPILER_GLOBAL_ACCENT_COLOR_NAME = AccentColor;
				CODE_SIGN_STYLE = Automatic;
				CURRENT_PROJECT_VERSION = 1;
				DEVELOPMENT_TEAM = M95CCRL636;
				GENERATE_INFOPLIST_FILE = YES;
				INFOPLIST_FILE = Defeatly/App/Configs/Info.plist;
				INFOPLIST_KEY_UIApplicationSupportsIndirectInputEvents = YES;
				INFOPLIST_KEY_UILaunchStoryboardName = LaunchScreen;
				INFOPLIST_KEY_UISupportedInterfaceOrientations = UIInterfaceOrientationPortrait;
				INFOPLIST_KEY_UISupportedInterfaceOrientations_iPad = "UIInterfaceOrientationLandscapeLeft UIInterfaceOrientationLandscapeRight UIInterfaceOrientationPortrait UIInterfaceOrientationPortraitUpsideDown";
				IPHONEOS_DEPLOYMENT_TARGET = 15.0;
				LD_RUNPATH_SEARCH_PATHS = (
					"$(inherited)",
					"@executable_path/Frameworks",
				);
				MARKETING_VERSION = 1.0;
				PRODUCT_BUNDLE_IDENTIFIER = com.pfriedrix.Defeatly;
				PRODUCT_NAME = "$(TARGET_NAME)";
				SUPPORTED_PLATFORMS = "iphoneos iphonesimulator";
				SUPPORTS_MACCATALYST = NO;
				SUPPORTS_MAC_DESIGNED_FOR_IPHONE_IPAD = NO;
				SWIFT_EMIT_LOC_STRINGS = YES;
				SWIFT_VERSION = 5.0;
				TARGETED_DEVICE_FAMILY = "1,2";
			};
			name = Debug;
		};
		BAAF3D6B2A9541760099AEA9 /* Release */ = {
			isa = XCBuildConfiguration;
			buildSettings = {
				ASSETCATALOG_COMPILER_APPICON_NAME = AppIcon;
				ASSETCATALOG_COMPILER_GLOBAL_ACCENT_COLOR_NAME = AccentColor;
				CODE_SIGN_STYLE = Automatic;
				CURRENT_PROJECT_VERSION = 1;
				DEVELOPMENT_TEAM = M95CCRL636;
				GENERATE_INFOPLIST_FILE = YES;
				INFOPLIST_FILE = Defeatly/App/Configs/Info.plist;
				INFOPLIST_KEY_UIApplicationSupportsIndirectInputEvents = YES;
				INFOPLIST_KEY_UILaunchStoryboardName = LaunchScreen;
				INFOPLIST_KEY_UISupportedInterfaceOrientations = UIInterfaceOrientationPortrait;
				INFOPLIST_KEY_UISupportedInterfaceOrientations_iPad = "UIInterfaceOrientationLandscapeLeft UIInterfaceOrientationLandscapeRight UIInterfaceOrientationPortrait UIInterfaceOrientationPortraitUpsideDown";
				IPHONEOS_DEPLOYMENT_TARGET = 15.0;
				LD_RUNPATH_SEARCH_PATHS = (
					"$(inherited)",
					"@executable_path/Frameworks",
				);
				MARKETING_VERSION = 1.0;
				PRODUCT_BUNDLE_IDENTIFIER = com.pfriedrix.Defeatly;
				PRODUCT_NAME = "$(TARGET_NAME)";
				SUPPORTED_PLATFORMS = "iphoneos iphonesimulator";
				SUPPORTS_MACCATALYST = NO;
				SUPPORTS_MAC_DESIGNED_FOR_IPHONE_IPAD = NO;
				SWIFT_EMIT_LOC_STRINGS = YES;
				SWIFT_VERSION = 5.0;
				TARGETED_DEVICE_FAMILY = "1,2";
			};
			name = Release;
		};
/* End XCBuildConfiguration section */

/* Begin XCConfigurationList section */
		BAAF3D502A9541750099AEA9 /* Build configuration list for PBXProject "Defeatly" */ = {
			isa = XCConfigurationList;
			buildConfigurations = (
				BAAF3D672A9541760099AEA9 /* Debug */,
				BAAF3D682A9541760099AEA9 /* Release */,
			);
			defaultConfigurationIsVisible = 0;
			defaultConfigurationName = Release;
		};
		BAAF3D692A9541760099AEA9 /* Build configuration list for PBXNativeTarget "Defeatly" */ = {
			isa = XCConfigurationList;
			buildConfigurations = (
				BAAF3D6A2A9541760099AEA9 /* Debug */,
				BAAF3D6B2A9541760099AEA9 /* Release */,
			);
			defaultConfigurationIsVisible = 0;
			defaultConfigurationName = Release;
		};
/* End XCConfigurationList section */
	};
	rootObject = BAAF3D4D2A9541750099AEA9 /* Project object */;
}
